// !$*UTF8*$!
{
	archiveVersion = 1;
	classes = {
	};
	objectVersion = 55;
	objects = {

/* Begin PBXBuildFile section */
		D023D78928B630B300B9214D /* AppDelegate.swift in Sources */ = {isa = PBXBuildFile; fileRef = D023D78828B630B300B9214D /* AppDelegate.swift */; };
		D023D78B28B630B300B9214D /* SceneDelegate.swift in Sources */ = {isa = PBXBuildFile; fileRef = D023D78A28B630B300B9214D /* SceneDelegate.swift */; };
		D023D78D28B630B300B9214D /* ViewController.swift in Sources */ = {isa = PBXBuildFile; fileRef = D023D78C28B630B300B9214D /* ViewController.swift */; };
		D023D79028B630B300B9214D /* Main.storyboard in Resources */ = {isa = PBXBuildFile; fileRef = D023D78E28B630B300B9214D /* Main.storyboard */; };
		D023D79228B630B600B9214D /* Assets.xcassets in Resources */ = {isa = PBXBuildFile; fileRef = D023D79128B630B600B9214D /* Assets.xcassets */; };
		D023D79528B630B600B9214D /* LaunchScreen.storyboard in Resources */ = {isa = PBXBuildFile; fileRef = D023D79328B630B600B9214D /* LaunchScreen.storyboard */; };
		D023D79F28B63C7600B9214D /* cryptoTableViewCell.swift in Sources */ = {isa = PBXBuildFile; fileRef = D023D79E28B63C7600B9214D /* cryptoTableViewCell.swift */; };
		D023D7A428B63F6C00B9214D /* CryptoCurrencysModel.swift in Sources */ = {isa = PBXBuildFile; fileRef = D023D7A328B63F6C00B9214D /* CryptoCurrencysModel.swift */; };
		D023D7A728B641B700B9214D /* WebService.swift in Sources */ = {isa = PBXBuildFile; fileRef = D023D7A628B641B700B9214D /* WebService.swift */; };
		D023D7AB28B6491E00B9214D /* CryptoViewModel.swift in Sources */ = {isa = PBXBuildFile; fileRef = D023D7AA28B6491E00B9214D /* CryptoViewModel.swift */; };
/* End PBXBuildFile section */

/* Begin PBXFileReference section */
		D023D78528B630B300B9214D /* Crypto Crazy.app */ = {isa = PBXFileReference; explicitFileType = wrapper.application; includeInIndex = 0; path = "Crypto Crazy.app"; sourceTree = BUILT_PRODUCTS_DIR; };
		D023D78828B630B300B9214D /* AppDelegate.swift */ = {isa = PBXFileReference; lastKnownFileType = sourcecode.swift; path = AppDelegate.swift; sourceTree = "<group>"; };
		D023D78A28B630B300B9214D /* SceneDelegate.swift */ = {isa = PBXFileReference; lastKnownFileType = sourcecode.swift; path = SceneDelegate.swift; sourceTree = "<group>"; };
		D023D78C28B630B300B9214D /* ViewController.swift */ = {isa = PBXFileReference; lastKnownFileType = sourcecode.swift; path = ViewController.swift; sourceTree = "<group>"; };
		D023D78F28B630B300B9214D /* Base */ = {isa = PBXFileReference; lastKnownFileType = file.storyboard; name = Base; path = Base.lproj/Main.storyboard; sourceTree = "<group>"; };
		D023D79128B630B600B9214D /* Assets.xcassets */ = {isa = PBXFileReference; lastKnownFileType = folder.assetcatalog; path = Assets.xcassets; sourceTree = "<group>"; };
		D023D79428B630B600B9214D /* Base */ = {isa = PBXFileReference; lastKnownFileType = file.storyboard; name = Base; path = Base.lproj/LaunchScreen.storyboard; sourceTree = "<group>"; };
		D023D79628B630B600B9214D /* Info.plist */ = {isa = PBXFileReference; lastKnownFileType = text.plist.xml; path = Info.plist; sourceTree = "<group>"; };
		D023D79E28B63C7600B9214D /* cryptoTableViewCell.swift */ = {isa = PBXFileReference; lastKnownFileType = sourcecode.swift; path = cryptoTableViewCell.swift; sourceTree = "<group>"; };
		D023D7A328B63F6C00B9214D /* CryptoCurrencysModel.swift */ = {isa = PBXFileReference; lastKnownFileType = sourcecode.swift; path = CryptoCurrencysModel.swift; sourceTree = "<group>"; };
		D023D7A628B641B700B9214D /* WebService.swift */ = {isa = PBXFileReference; lastKnownFileType = sourcecode.swift; path = WebService.swift; sourceTree = "<group>"; };
		D023D7AA28B6491E00B9214D /* CryptoViewModel.swift */ = {isa = PBXFileReference; lastKnownFileType = sourcecode.swift; path = CryptoViewModel.swift; sourceTree = "<group>"; };
/* End PBXFileReference section */

/* Begin PBXFrameworksBuildPhase section */
		D023D78228B630B300B9214D /* Frameworks */ = {
			isa = PBXFrameworksBuildPhase;
			buildActionMask = 2147483647;
			files = (
			);
			runOnlyForDeploymentPostprocessing = 0;
		};
/* End PBXFrameworksBuildPhase section */

/* Begin PBXGroup section */
		D023D77C28B630B300B9214D = {
			isa = PBXGroup;
			children = (
				D023D78728B630B300B9214D /* Crypto Crazy */,
				D023D78628B630B300B9214D /* Products */,
			);
			sourceTree = "<group>";
		};
		D023D78628B630B300B9214D /* Products */ = {
			isa = PBXGroup;
			children = (
				D023D78528B630B300B9214D /* Crypto Crazy.app */,
			);
			name = Products;
			sourceTree = "<group>";
		};
		D023D78728B630B300B9214D /* Crypto Crazy */ = {
			isa = PBXGroup;
			children = (
				D023D7A528B6419A00B9214D /* Services */,
				D023D7A228B63EFF00B9214D /* Model */,
				D023D7A128B63EF300B9214D /* View Model */,
				D023D7A028B63EDC00B9214D /* View */,
				D023D78E28B630B300B9214D /* Main.storyboard */,
				D023D79128B630B600B9214D /* Assets.xcassets */,
				D023D79328B630B600B9214D /* LaunchScreen.storyboard */,
				D023D79628B630B600B9214D /* Info.plist */,
			);
			path = "Crypto Crazy";
			sourceTree = "<group>";
		};
		D023D7A028B63EDC00B9214D /* View */ = {
			isa = PBXGroup;
			children = (
				D023D78828B630B300B9214D /* AppDelegate.swift */,
				D023D78A28B630B300B9214D /* SceneDelegate.swift */,
				D023D78C28B630B300B9214D /* ViewController.swift */,
				D023D79E28B63C7600B9214D /* cryptoTableViewCell.swift */,
			);
			path = View;
			sourceTree = "<group>";
		};
		D023D7A128B63EF300B9214D /* View Model */ = {
			isa = PBXGroup;
			children = (
				D023D7AA28B6491E00B9214D /* CryptoViewModel.swift */,
			);
			path = "View Model";
			sourceTree = "<group>";
		};
		D023D7A228B63EFF00B9214D /* Model */ = {
			isa = PBXGroup;
			children = (
				D023D7A328B63F6C00B9214D /* CryptoCurrencysModel.swift */,
			);
			path = Model;
			sourceTree = "<group>";
		};
		D023D7A528B6419A00B9214D /* Services */ = {
			isa = PBXGroup;
			children = (
				D023D7A628B641B700B9214D /* WebService.swift */,
			);
			path = Services;
			sourceTree = "<group>";
		};
/* End PBXGroup section */

/* Begin PBXNativeTarget section */
		D023D78428B630B300B9214D /* Crypto Crazy */ = {
			isa = PBXNativeTarget;
			buildConfigurationList = D023D79928B630B600B9214D /* Build configuration list for PBXNativeTarget "Crypto Crazy" */;
			buildPhases = (
				D023D78128B630B300B9214D /* Sources */,
				D023D78228B630B300B9214D /* Frameworks */,
				D023D78328B630B300B9214D /* Resources */,
			);
			buildRules = (
			);
			dependencies = (
			);
			name = "Crypto Crazy";
			productName = "Crypto Crazy";
			productReference = D023D78528B630B300B9214D /* Crypto Crazy.app */;
			productType = "com.apple.product-type.application";
		};
/* End PBXNativeTarget section */

/* Begin PBXProject section */
		D023D77D28B630B300B9214D /* Project object */ = {
			isa = PBXProject;
			attributes = {
				BuildIndependentTargetsInParallel = 1;
				LastSwiftUpdateCheck = 1340;
				LastUpgradeCheck = 1340;
				TargetAttributes = {
					D023D78428B630B300B9214D = {
						CreatedOnToolsVersion = 13.4.1;
					};
				};
			};
			buildConfigurationList = D023D78028B630B300B9214D /* Build configuration list for PBXProject "Crypto Crazy" */;
			compatibilityVersion = "Xcode 13.0";
			developmentRegion = en;
			hasScannedForEncodings = 0;
			knownRegions = (
				en,
				Base,
			);
			mainGroup = D023D77C28B630B300B9214D;
			productRefGroup = D023D78628B630B300B9214D /* Products */;
			projectDirPath = "";
			projectRoot = "";
			targets = (
				D023D78428B630B300B9214D /* Crypto Crazy */,
			);
		};
/* End PBXProject section */

/* Begin PBXResourcesBuildPhase section */
		D023D78328B630B300B9214D /* Resources */ = {
			isa = PBXResourcesBuildPhase;
			buildActionMask = 2147483647;
			files = (
				D023D79528B630B600B9214D /* LaunchScreen.storyboard in Resources */,
				D023D79228B630B600B9214D /* Assets.xcassets in Resources */,
				D023D79028B630B300B9214D /* Main.storyboard in Resources */,
			);
			runOnlyForDeploymentPostprocessing = 0;
		};
/* End PBXResourcesBuildPhase section */

/* Begin PBXSourcesBuildPhase section */
		D023D78128B630B300B9214D /* Sources */ = {
			isa = PBXSourcesBuildPhase;
			buildActionMask = 2147483647;
			files = (
				D023D7A728B641B700B9214D /* WebService.swift in Sources */,
				D023D78D28B630B300B9214D /* ViewController.swift in Sources */,
				D023D78928B630B300B9214D /* AppDelegate.swift in Sources */,
				D023D7AB28B6491E00B9214D /* CryptoViewModel.swift in Sources */,
				D023D7A428B63F6C00B9214D /* CryptoCurrencysModel.swift in Sources */,
				D023D78B28B630B300B9214D /* SceneDelegate.swift in Sources */,
				D023D79F28B63C7600B9214D /* cryptoTableViewCell.swift in Sources */,
			);
			runOnlyForDeploymentPostprocessing = 0;
		};
/* End PBXSourcesBuildPhase section */

/* Begin PBXVariantGroup section */
		D023D78E28B630B300B9214D /* Main.storyboard */ = {
			isa = PBXVariantGroup;
			children = (
				D023D78F28B630B300B9214D /* Base */,
			);
			name = Main.storyboard;
			sourceTree = "<group>";
		};
		D023D79328B630B600B9214D /* LaunchScreen.storyboard */ = {
			isa = PBXVariantGroup;
			children = (
				D023D79428B630B600B9214D /* Base */,
			);
			name = LaunchScreen.storyboard;
			sourceTree = "<group>";
		};
/* End PBXVariantGroup section */

/* Begin XCBuildConfiguration section */
		D023D79728B630B600B9214D /* Debug */ = {
			isa = XCBuildConfiguration;
			buildSettings = {
				ALWAYS_SEARCH_USER_PATHS = NO;
				CLANG_ANALYZER_NONNULL = YES;
				CLANG_ANALYZER_NUMBER_OBJECT_CONVERSION = YES_AGGRESSIVE;
				CLANG_CXX_LANGUAGE_STANDARD = "gnu++17";
				CLANG_ENABLE_MODULES = YES;
				CLANG_ENABLE_OBJC_ARC = YES;
				CLANG_ENABLE_OBJC_WEAK = YES;
				CLANG_WARN_BLOCK_CAPTURE_AUTORELEASING = YES;
				CLANG_WARN_BOOL_CONVERSION = YES;
				CLANG_WARN_COMMA = YES;
				CLANG_WARN_CONSTANT_CONVERSION = YES;
				CLANG_WARN_DEPRECATED_OBJC_IMPLEMENTATIONS = YES;
				CLANG_WARN_DIRECT_OBJC_ISA_USAGE = YES_ERROR;
				CLANG_WARN_DOCUMENTATION_COMMENTS = YES;
				CLANG_WARN_EMPTY_BODY = YES;
				CLANG_WARN_ENUM_CONVERSION = YES;
				CLANG_WARN_INFINITE_RECURSION = YES;
				CLANG_WARN_INT_CONVERSION = YES;
				CLANG_WARN_NON_LITERAL_NULL_CONVERSION = YES;
				CLANG_WARN_OBJC_IMPLICIT_RETAIN_SELF = YES;
				CLANG_WARN_OBJC_LITERAL_CONVERSION = YES;
				CLANG_WARN_OBJC_ROOT_CLASS = YES_ERROR;
				CLANG_WARN_QUOTED_INCLUDE_IN_FRAMEWORK_HEADER = YES;
				CLANG_WARN_RANGE_LOOP_ANALYSIS = YES;
				CLANG_WARN_STRICT_PROTOTYPES = YES;
				CLANG_WARN_SUSPICIOUS_MOVE = YES;
				CLANG_WARN_UNGUARDED_AVAILABILITY = YES_AGGRESSIVE;
				CLANG_WARN_UNREACHABLE_CODE = YES;
				CLANG_WARN__DUPLICATE_METHOD_MATCH = YES;
				COPY_PHASE_STRIP = NO;
				DEBUG_INFORMATION_FORMAT = dwarf;
				ENABLE_STRICT_OBJC_MSGSEND = YES;
				ENABLE_TESTABILITY = YES;
				GCC_C_LANGUAGE_STANDARD = gnu11;
				GCC_DYNAMIC_NO_PIC = NO;
				GCC_NO_COMMON_BLOCKS = YES;
				GCC_OPTIMIZATION_LEVEL = 0;
				GCC_PREPROCESSOR_DEFINITIONS = (
					"DEBUG=1",
					"$(inherited)",
				);
				GCC_WARN_64_TO_32_BIT_CONVERSION = YES;
				GCC_WARN_ABOUT_RETURN_TYPE = YES_ERROR;
				GCC_WARN_UNDECLARED_SELECTOR = YES;
				GCC_WARN_UNINITIALIZED_AUTOS = YES_AGGRESSIVE;
				GCC_WARN_UNUSED_FUNCTION = YES;
				GCC_WARN_UNUSED_VARIABLE = YES;
				IPHONEOS_DEPLOYMENT_TARGET = 15.5;
				MTL_ENABLE_DEBUG_INFO = INCLUDE_SOURCE;
				MTL_FAST_MATH = YES;
				ONLY_ACTIVE_ARCH = YES;
				SDKROOT = iphoneos;
				SWIFT_ACTIVE_COMPILATION_CONDITIONS = DEBUG;
				SWIFT_OPTIMIZATION_LEVEL = "-Onone";
			};
			name = Debug;
		};
		D023D79828B630B600B9214D /* Release */ = {
			isa = XCBuildConfiguration;
			buildSettings = {
				ALWAYS_SEARCH_USER_PATHS = NO;
				CLANG_ANALYZER_NONNULL = YES;
				CLANG_ANALYZER_NUMBER_OBJECT_CONVERSION = YES_AGGRESSIVE;
				CLANG_CXX_LANGUAGE_STANDARD = "gnu++17";
				CLANG_ENABLE_MODULES = YES;
				CLANG_ENABLE_OBJC_ARC = YES;
				CLANG_ENABLE_OBJC_WEAK = YES;
				CLANG_WARN_BLOCK_CAPTURE_AUTORELEASING = YES;
				CLANG_WARN_BOOL_CONVERSION = YES;
				CLANG_WARN_COMMA = YES;
				CLANG_WARN_CONSTANT_CONVERSION = YES;
				CLANG_WARN_DEPRECATED_OBJC_IMPLEMENTATIONS = YES;
				CLANG_WARN_DIRECT_OBJC_ISA_USAGE = YES_ERROR;
				CLANG_WARN_DOCUMENTATION_COMMENTS = YES;
				CLANG_WARN_EMPTY_BODY = YES;
				CLANG_WARN_ENUM_CONVERSION = YES;
				CLANG_WARN_INFINITE_RECURSION = YES;
				CLANG_WARN_INT_CONVERSION = YES;
				CLANG_WARN_NON_LITERAL_NULL_CONVERSION = YES;
				CLANG_WARN_OBJC_IMPLICIT_RETAIN_SELF = YES;
				CLANG_WARN_OBJC_LITERAL_CONVERSION = YES;
				CLANG_WARN_OBJC_ROOT_CLASS = YES_ERROR;
				CLANG_WARN_QUOTED_INCLUDE_IN_FRAMEWORK_HEADER = YES;
				CLANG_WARN_RANGE_LOOP_ANALYSIS = YES;
				CLANG_WARN_STRICT_PROTOTYPES = YES;
				CLANG_WARN_SUSPICIOUS_MOVE = YES;
				CLANG_WARN_UNGUARDED_AVAILABILITY = YES_AGGRESSIVE;
				CLANG_WARN_UNREACHABLE_CODE = YES;
				CLANG_WARN__DUPLICATE_METHOD_MATCH = YES;
				COPY_PHASE_STRIP = NO;
				DEBUG_INFORMATION_FORMAT = "dwarf-with-dsym";
				ENABLE_NS_ASSERTIONS = NO;
				ENABLE_STRICT_OBJC_MSGSEND = YES;
				GCC_C_LANGUAGE_STANDARD = gnu11;
				GCC_NO_COMMON_BLOCKS = YES;
				GCC_WARN_64_TO_32_BIT_CONVERSION = YES;
				GCC_WARN_ABOUT_RETURN_TYPE = YES_ERROR;
				GCC_WARN_UNDECLARED_SELECTOR = YES;
				GCC_WARN_UNINITIALIZED_AUTOS = YES_AGGRESSIVE;
				GCC_WARN_UNUSED_FUNCTION = YES;
				GCC_WARN_UNUSED_VARIABLE = YES;
				IPHONEOS_DEPLOYMENT_TARGET = 15.5;
				MTL_ENABLE_DEBUG_INFO = NO;
				MTL_FAST_MATH = YES;
				SDKROOT = iphoneos;
				SWIFT_COMPILATION_MODE = wholemodule;
				SWIFT_OPTIMIZATION_LEVEL = "-O";
				VALIDATE_PRODUCT = YES;
			};
			name = Release;
		};
		D023D79A28B630B600B9214D /* Debug */ = {
			isa = XCBuildConfiguration;
			buildSettings = {
				ASSETCATALOG_COMPILER_APPICON_NAME = AppIcon;
				ASSETCATALOG_COMPILER_GLOBAL_ACCENT_COLOR_NAME = AccentColor;
				CODE_SIGN_STYLE = Automatic;
				CURRENT_PROJECT_VERSION = 1;
				DEVELOPMENT_TEAM = 56K423922J;
				GENERATE_INFOPLIST_FILE = YES;
				INFOPLIST_FILE = "Crypto Crazy/Info.plist";
				INFOPLIST_KEY_UIApplicationSupportsIndirectInputEvents = YES;
				INFOPLIST_KEY_UILaunchStoryboardName = LaunchScreen;
				INFOPLIST_KEY_UIMainStoryboardFile = Main;
				INFOPLIST_KEY_UISupportedInterfaceOrientations_iPad = "UIInterfaceOrientationPortrait UIInterfaceOrientationPortraitUpsideDown UIInterfaceOrientationLandscapeLeft UIInterfaceOrientationLandscapeRight";
				INFOPLIST_KEY_UISupportedInterfaceOrientations_iPhone = "UIInterfaceOrientationPortrait UIInterfaceOrientationLandscapeLeft UIInterfaceOrientationLandscapeRight";
				IPHONEOS_DEPLOYMENT_TARGET = 14.0;
				LD_RUNPATH_SEARCH_PATHS = (
					"$(inherited)",
					"@executable_path/Frameworks",
				);
				MARKETING_VERSION = 1.0;
				PRODUCT_BUNDLE_IDENTIFIER = "com.cryptocrazy.app.Crypto-Crazy";
				PRODUCT_NAME = "$(TARGET_NAME)";
				SWIFT_EMIT_LOC_STRINGS = YES;
				SWIFT_VERSION = 5.0;
				TARGETED_DEVICE_FAMILY = "1,2";
			};
			name = Debug;
		};
		D023D79B28B630B600B9214D /* Release */ = {
			isa = XCBuildConfiguration;
			buildSettings = {
				ASSETCATALOG_COMPILER_APPICON_NAME = AppIcon;
				ASSETCATALOG_COMPILER_GLOBAL_ACCENT_COLOR_NAME = AccentColor;
				CODE_SIGN_STYLE = Automatic;
				CURRENT_PROJECT_VERSION = 1;
				DEVELOPMENT_TEAM = 56K423922J;
				GENERATE_INFOPLIST_FILE = YES;
				INFOPLIST_FILE = "Crypto Crazy/Info.plist";
				INFOPLIST_KEY_UIApplicationSupportsIndirectInputEvents = YES;
				INFOPLIST_KEY_UILaunchStoryboardName = LaunchScreen;
				INFOPLIST_KEY_UIMainStoryboardFile = Main;
				INFOPLIST_KEY_UISupportedInterfaceOrientations_iPad = "UIInterfaceOrientationPortrait UIInterfaceOrientationPortraitUpsideDown UIInterfaceOrientationLandscapeLeft UIInterfaceOrientationLandscapeRight";
				INFOPLIST_KEY_UISupportedInterfaceOrientations_iPhone = "UIInterfaceOrientationPortrait UIInterfaceOrientationLandscapeLeft UIInterfaceOrientationLandscapeRight";
				IPHONEOS_DEPLOYMENT_TARGET = 14.0;
				LD_RUNPATH_SEARCH_PATHS = (
					"$(inherited)",
					"@executable_path/Frameworks",
				);
				MARKETING_VERSION = 1.0;
				PRODUCT_BUNDLE_IDENTIFIER = "com.cryptocrazy.app.Crypto-Crazy";
				PRODUCT_NAME = "$(TARGET_NAME)";
				SWIFT_EMIT_LOC_STRINGS = YES;
				SWIFT_VERSION = 5.0;
				TARGETED_DEVICE_FAMILY = "1,2";
			};
			name = Release;
		};
/* End XCBuildConfiguration section */

/* Begin XCConfigurationList section */
		D023D78028B630B300B9214D /* Build configuration list for PBXProject "Crypto Crazy" */ = {
			isa = XCConfigurationList;
			buildConfigurations = (
				D023D79728B630B600B9214D /* Debug */,
				D023D79828B630B600B9214D /* Release */,
			);
			defaultConfigurationIsVisible = 0;
			defaultConfigurationName = Release;
		};
		D023D79928B630B600B9214D /* Build configuration list for PBXNativeTarget "Crypto Crazy" */ = {
			isa = XCConfigurationList;
			buildConfigurations = (
				D023D79A28B630B600B9214D /* Debug */,
				D023D79B28B630B600B9214D /* Release */,
			);
			defaultConfigurationIsVisible = 0;
			defaultConfigurationName = Release;
		};
/* End XCConfigurationList section */
	};
	rootObject = D023D77D28B630B300B9214D /* Project object */;
}
